// !$*UTF8*$!
{
	archiveVersion = 1;
	classes = {
	};
	objectVersion = 55;
	objects = {

/* Begin PBXBuildFile section */
		1442D6E928976E22009CEB40 /* RisingRouter.m in Sources */ = {isa = PBXBuildFile; fileRef = 1442D6E028976E22009CEB40 /* RisingRouter.m */; };
		1442D6EA28976E22009CEB40 /* RisingRouterResponse.m in Sources */ = {isa = PBXBuildFile; fileRef = 1442D6E528976E22009CEB40 /* RisingRouterResponse.m */; };
		1442D6EB28976E22009CEB40 /* RisingRouter+Extension.m in Sources */ = {isa = PBXBuildFile; fileRef = 1442D6E628976E22009CEB40 /* RisingRouter+Extension.m */; };
		1442D6EC28976E22009CEB40 /* RisingRouterRequest.m in Sources */ = {isa = PBXBuildFile; fileRef = 1442D6E728976E22009CEB40 /* RisingRouterRequest.m */; };
		1442D7012897992A009CEB40 /* NSDate+Rising.m in Sources */ = {isa = PBXBuildFile; fileRef = 1442D6F42897992A009CEB40 /* NSDate+Rising.m */; };
		1442D7022897992A009CEB40 /* RisingFoundationExtention.m in Sources */ = {isa = PBXBuildFile; fileRef = 1442D6F52897992A009CEB40 /* RisingFoundationExtention.m */; };
		1442D7032897992A009CEB40 /* UIView+Rising.m in Sources */ = {isa = PBXBuildFile; fileRef = 1442D6FB2897992A009CEB40 /* UIView+Rising.m */; };
		1442D7042897992A009CEB40 /* RisingUIKitExtension.m in Sources */ = {isa = PBXBuildFile; fileRef = 1442D6FC2897992A009CEB40 /* RisingUIKitExtension.m */; };
		1442D7052897992A009CEB40 /* UIColor+Rising.m in Sources */ = {isa = PBXBuildFile; fileRef = 1442D6FF2897992A009CEB40 /* UIColor+Rising.m */; };
		14CDC855289B6C210009358F /* StageSelectModel.m in Sources */ = {isa = PBXBuildFile; fileRef = 14CDC854289B6C210009358F /* StageSelectModel.m */; };
		14CDC860289B84ED0009358F /* Person.m in Sources */ = {isa = PBXBuildFile; fileRef = 14CDC85F289B84ED0009358F /* Person.m */; };
		14CDC863289B87330009358F /* Level.m in Sources */ = {isa = PBXBuildFile; fileRef = 14CDC862289B87330009358F /* Level.m */; };
		14CDC867289B8EB60009358F /* level.plist in Resources */ = {isa = PBXBuildFile; fileRef = 14CDC866289B8EB60009358F /* level.plist */; };
		3C5AEF06B27681B0DEDEFE9B /* Pods_ByteDanceCampus_Klotski.framework in Frameworks */ = {isa = PBXBuildFile; fileRef = 22C2921943B00D1E1FDEA362 /* Pods_ByteDanceCampus_Klotski.framework */; };
		B5759A1C288AE5D1007CE07E /* AppDelegate.m in Sources */ = {isa = PBXBuildFile; fileRef = B5759A1B288AE5D1007CE07E /* AppDelegate.m */; };
		B5759A22288AE5D1007CE07E /* MainController.m in Sources */ = {isa = PBXBuildFile; fileRef = B5759A21288AE5D1007CE07E /* MainController.m */; };
		B5759A27288AE5D2007CE07E /* Assets.xcassets in Resources */ = {isa = PBXBuildFile; fileRef = B5759A26288AE5D2007CE07E /* Assets.xcassets */; };
		B5759A2A288AE5D2007CE07E /* LaunchScreen.storyboard in Resources */ = {isa = PBXBuildFile; fileRef = B5759A28288AE5D2007CE07E /* LaunchScreen.storyboard */; };
		B5759A2D288AE5D2007CE07E /* main.m in Sources */ = {isa = PBXBuildFile; fileRef = B5759A2C288AE5D2007CE07E /* main.m */; };
/* End PBXBuildFile section */

/* Begin PBXFileReference section */
		1442D6E028976E22009CEB40 /* RisingRouter.m */ = {isa = PBXFileReference; fileEncoding = 4; lastKnownFileType = sourcecode.c.objc; path = RisingRouter.m; sourceTree = "<group>"; };
		1442D6E128976E22009CEB40 /* RisingRouter.h */ = {isa = PBXFileReference; fileEncoding = 4; lastKnownFileType = sourcecode.c.h; path = RisingRouter.h; sourceTree = "<group>"; };
		1442D6E228976E22009CEB40 /* RisingRouterRequest.h */ = {isa = PBXFileReference; fileEncoding = 4; lastKnownFileType = sourcecode.c.h; path = RisingRouterRequest.h; sourceTree = "<group>"; };
		1442D6E328976E22009CEB40 /* RisingRouterHandler.h */ = {isa = PBXFileReference; fileEncoding = 4; lastKnownFileType = sourcecode.c.h; path = RisingRouterHandler.h; sourceTree = "<group>"; };
		1442D6E428976E22009CEB40 /* RisingRouterResponse.h */ = {isa = PBXFileReference; fileEncoding = 4; lastKnownFileType = sourcecode.c.h; path = RisingRouterResponse.h; sourceTree = "<group>"; };
		1442D6E528976E22009CEB40 /* RisingRouterResponse.m */ = {isa = PBXFileReference; fileEncoding = 4; lastKnownFileType = sourcecode.c.objc; path = RisingRouterResponse.m; sourceTree = "<group>"; };
		1442D6E628976E22009CEB40 /* RisingRouter+Extension.m */ = {isa = PBXFileReference; fileEncoding = 4; lastKnownFileType = sourcecode.c.objc; path = "RisingRouter+Extension.m"; sourceTree = "<group>"; };
		1442D6E728976E22009CEB40 /* RisingRouterRequest.m */ = {isa = PBXFileReference; fileEncoding = 4; lastKnownFileType = sourcecode.c.objc; path = RisingRouterRequest.m; sourceTree = "<group>"; };
		1442D6E828976E22009CEB40 /* RisingRouter+Extension.h */ = {isa = PBXFileReference; fileEncoding = 4; lastKnownFileType = sourcecode.c.h; path = "RisingRouter+Extension.h"; sourceTree = "<group>"; };
		1442D6F32897992A009CEB40 /* RisingFoundationExtension.h */ = {isa = PBXFileReference; fileEncoding = 4; lastKnownFileType = sourcecode.c.h; path = RisingFoundationExtension.h; sourceTree = "<group>"; };
		1442D6F42897992A009CEB40 /* NSDate+Rising.m */ = {isa = PBXFileReference; fileEncoding = 4; lastKnownFileType = sourcecode.c.objc; path = "NSDate+Rising.m"; sourceTree = "<group>"; };
		1442D6F52897992A009CEB40 /* RisingFoundationExtention.m */ = {isa = PBXFileReference; fileEncoding = 4; lastKnownFileType = sourcecode.c.objc; path = RisingFoundationExtention.m; sourceTree = "<group>"; };
		1442D6F62897992A009CEB40 /* NSDate+Rising.h */ = {isa = PBXFileReference; fileEncoding = 4; lastKnownFileType = sourcecode.c.h; path = "NSDate+Rising.h"; sourceTree = "<group>"; };
		1442D6F72897992A009CEB40 /* ExtensionHeader.h */ = {isa = PBXFileReference; fileEncoding = 4; lastKnownFileType = sourcecode.c.h; path = ExtensionHeader.h; sourceTree = "<group>"; };
		1442D6FA2897992A009CEB40 /* UIView+Rising.h */ = {isa = PBXFileReference; fileEncoding = 4; lastKnownFileType = sourcecode.c.h; path = "UIView+Rising.h"; sourceTree = "<group>"; };
		1442D6FB2897992A009CEB40 /* UIView+Rising.m */ = {isa = PBXFileReference; fileEncoding = 4; lastKnownFileType = sourcecode.c.objc; path = "UIView+Rising.m"; sourceTree = "<group>"; };
		1442D6FC2897992A009CEB40 /* RisingUIKitExtension.m */ = {isa = PBXFileReference; fileEncoding = 4; lastKnownFileType = sourcecode.c.objc; path = RisingUIKitExtension.m; sourceTree = "<group>"; };
		1442D6FE2897992A009CEB40 /* UIColor+Rising.h */ = {isa = PBXFileReference; fileEncoding = 4; lastKnownFileType = sourcecode.c.h; path = "UIColor+Rising.h"; sourceTree = "<group>"; };
		1442D6FF2897992A009CEB40 /* UIColor+Rising.m */ = {isa = PBXFileReference; fileEncoding = 4; lastKnownFileType = sourcecode.c.objc; path = "UIColor+Rising.m"; sourceTree = "<group>"; };
		1442D7002897992A009CEB40 /* RisingUIKitExtension.h */ = {isa = PBXFileReference; fileEncoding = 4; lastKnownFileType = sourcecode.c.h; path = RisingUIKitExtension.h; sourceTree = "<group>"; };
		14CDC853289B6C210009358F /* StageSelectModel.h */ = {isa = PBXFileReference; lastKnownFileType = sourcecode.c.h; path = StageSelectModel.h; sourceTree = "<group>"; };
		14CDC854289B6C210009358F /* StageSelectModel.m */ = {isa = PBXFileReference; lastKnownFileType = sourcecode.c.objc; path = StageSelectModel.m; sourceTree = "<group>"; };
		14CDC85E289B84ED0009358F /* Person.h */ = {isa = PBXFileReference; lastKnownFileType = sourcecode.c.h; path = Person.h; sourceTree = "<group>"; };
		14CDC85F289B84ED0009358F /* Person.m */ = {isa = PBXFileReference; lastKnownFileType = sourcecode.c.objc; path = Person.m; sourceTree = "<group>"; };
		14CDC861289B87330009358F /* Level.h */ = {isa = PBXFileReference; lastKnownFileType = sourcecode.c.h; path = Level.h; sourceTree = "<group>"; };
		14CDC862289B87330009358F /* Level.m */ = {isa = PBXFileReference; lastKnownFileType = sourcecode.c.objc; path = Level.m; sourceTree = "<group>"; };
		14CDC866289B8EB60009358F /* level.plist */ = {isa = PBXFileReference; fileEncoding = 4; lastKnownFileType = text.plist.xml; path = level.plist; sourceTree = "<group>"; };
		22C2921943B00D1E1FDEA362 /* Pods_ByteDanceCampus_Klotski.framework */ = {isa = PBXFileReference; explicitFileType = wrapper.framework; includeInIndex = 0; path = Pods_ByteDanceCampus_Klotski.framework; sourceTree = BUILT_PRODUCTS_DIR; };
		A404246E66C14D4FA6786972 /* Pods-ByteDanceCampus_Klotski.release.xcconfig */ = {isa = PBXFileReference; includeInIndex = 1; lastKnownFileType = text.xcconfig; name = "Pods-ByteDanceCampus_Klotski.release.xcconfig"; path = "Target Support Files/Pods-ByteDanceCampus_Klotski/Pods-ByteDanceCampus_Klotski.release.xcconfig"; sourceTree = "<group>"; };
		B5759A17288AE5D1007CE07E /* ByteDanceCampus_Klotski.app */ = {isa = PBXFileReference; explicitFileType = wrapper.application; includeInIndex = 0; path = ByteDanceCampus_Klotski.app; sourceTree = BUILT_PRODUCTS_DIR; };
		B5759A1A288AE5D1007CE07E /* AppDelegate.h */ = {isa = PBXFileReference; lastKnownFileType = sourcecode.c.h; path = AppDelegate.h; sourceTree = "<group>"; };
		B5759A1B288AE5D1007CE07E /* AppDelegate.m */ = {isa = PBXFileReference; lastKnownFileType = sourcecode.c.objc; path = AppDelegate.m; sourceTree = "<group>"; };
		B5759A20288AE5D1007CE07E /* MainController.h */ = {isa = PBXFileReference; lastKnownFileType = sourcecode.c.h; path = MainController.h; sourceTree = "<group>"; };
		B5759A21288AE5D1007CE07E /* MainController.m */ = {isa = PBXFileReference; lastKnownFileType = sourcecode.c.objc; path = MainController.m; sourceTree = "<group>"; };
		B5759A26288AE5D2007CE07E /* Assets.xcassets */ = {isa = PBXFileReference; lastKnownFileType = folder.assetcatalog; path = Assets.xcassets; sourceTree = "<group>"; };
		B5759A29288AE5D2007CE07E /* Base */ = {isa = PBXFileReference; lastKnownFileType = file.storyboard; name = Base; path = Base.lproj/LaunchScreen.storyboard; sourceTree = "<group>"; };
		B5759A2B288AE5D2007CE07E /* Info.plist */ = {isa = PBXFileReference; lastKnownFileType = text.plist.xml; path = Info.plist; sourceTree = "<group>"; };
		B5759A2C288AE5D2007CE07E /* main.m */ = {isa = PBXFileReference; lastKnownFileType = sourcecode.c.objc; path = main.m; sourceTree = "<group>"; };
		B5759A34288AE6C4007CE07E /* PrefixHeader.pch */ = {isa = PBXFileReference; lastKnownFileType = sourcecode.c.h; path = PrefixHeader.pch; sourceTree = "<group>"; };
		C7AA49666D0AD8E2970626AB /* Pods-ByteDanceCampus_Klotski.debug.xcconfig */ = {isa = PBXFileReference; includeInIndex = 1; lastKnownFileType = text.xcconfig; name = "Pods-ByteDanceCampus_Klotski.debug.xcconfig"; path = "Target Support Files/Pods-ByteDanceCampus_Klotski/Pods-ByteDanceCampus_Klotski.debug.xcconfig"; sourceTree = "<group>"; };
/* End PBXFileReference section */

/* Begin PBXFrameworksBuildPhase section */
		B5759A14288AE5D1007CE07E /* Frameworks */ = {
			isa = PBXFrameworksBuildPhase;
			buildActionMask = 2147483647;
			files = (
				3C5AEF06B27681B0DEDEFE9B /* Pods_ByteDanceCampus_Klotski.framework in Frameworks */,
			);
			runOnlyForDeploymentPostprocessing = 0;
		};
/* End PBXFrameworksBuildPhase section */

/* Begin PBXGroup section */
		03EC6DEE4AEBAFBC2D140CF0 /* Pods */ = {
			isa = PBXGroup;
			children = (
				C7AA49666D0AD8E2970626AB /* Pods-ByteDanceCampus_Klotski.debug.xcconfig */,
				A404246E66C14D4FA6786972 /* Pods-ByteDanceCampus_Klotski.release.xcconfig */,
			);
			path = Pods;
			sourceTree = "<group>";
		};
		1442D6F12897992A009CEB40 /* Extension */ = {
			isa = PBXGroup;
			children = (
				1442D6F72897992A009CEB40 /* ExtensionHeader.h */,
				1442D6F22897992A009CEB40 /* FoundationExtension */,
				1442D6F82897992A009CEB40 /* UIKit Extension */,
			);
			path = Extension;
			sourceTree = "<group>";
		};
		1442D6F22897992A009CEB40 /* FoundationExtension */ = {
			isa = PBXGroup;
			children = (
				1442D6F62897992A009CEB40 /* NSDate+Rising.h */,
				1442D6F42897992A009CEB40 /* NSDate+Rising.m */,
				1442D6F32897992A009CEB40 /* RisingFoundationExtension.h */,
				1442D6F52897992A009CEB40 /* RisingFoundationExtention.m */,
			);
			path = FoundationExtension;
			sourceTree = "<group>";
		};
		1442D6F82897992A009CEB40 /* UIKit Extension */ = {
			isa = PBXGroup;
			children = (
				1442D7002897992A009CEB40 /* RisingUIKitExtension.h */,
				1442D6FC2897992A009CEB40 /* RisingUIKitExtension.m */,
				1442D6FD2897992A009CEB40 /* UIColor+Rising */,
				1442D6F92897992A009CEB40 /* UIView+Rising */,
			);
			path = "UIKit Extension";
			sourceTree = "<group>";
		};
		1442D6F92897992A009CEB40 /* UIView+Rising */ = {
			isa = PBXGroup;
			children = (
				1442D6FA2897992A009CEB40 /* UIView+Rising.h */,
				1442D6FB2897992A009CEB40 /* UIView+Rising.m */,
			);
			path = "UIView+Rising";
			sourceTree = "<group>";
		};
		1442D6FD2897992A009CEB40 /* UIColor+Rising */ = {
			isa = PBXGroup;
			children = (
				1442D6FE2897992A009CEB40 /* UIColor+Rising.h */,
				1442D6FF2897992A009CEB40 /* UIColor+Rising.m */,
			);
			path = "UIColor+Rising";
			sourceTree = "<group>";
		};
		14CDC868289B91EC0009358F /* Person */ = {
			isa = PBXGroup;
			children = (
				14CDC85E289B84ED0009358F /* Person.h */,
				14CDC85F289B84ED0009358F /* Person.m */,
			);
			path = Person;
			sourceTree = "<group>";
		};
		14CDC869289B91F60009358F /* Level */ = {
			isa = PBXGroup;
			children = (
				14CDC861289B87330009358F /* Level.h */,
				14CDC862289B87330009358F /* Level.m */,
				14CDC868289B91EC0009358F /* Person */,
			);
			path = Level;
			sourceTree = "<group>";
		};
		14CDC86A289B91FE0009358F /* Model */ = {
			isa = PBXGroup;
			children = (
				14CDC853289B6C210009358F /* StageSelectModel.h */,
				14CDC854289B6C210009358F /* StageSelectModel.m */,
				14CDC869289B91F60009358F /* Level */,
			);
			path = Model;
			sourceTree = "<group>";
		};
		14E745B9288AFA38007436F6 /* Router */ = {
			isa = PBXGroup;
			children = (
				1442D6E328976E22009CEB40 /* RisingRouterHandler.h */,
				1442D6E128976E22009CEB40 /* RisingRouter.h */,
				1442D6E028976E22009CEB40 /* RisingRouter.m */,
				1442D6E828976E22009CEB40 /* RisingRouter+Extension.h */,
				1442D6E628976E22009CEB40 /* RisingRouter+Extension.m */,
				1442D6E228976E22009CEB40 /* RisingRouterRequest.h */,
				1442D6E728976E22009CEB40 /* RisingRouterRequest.m */,
				1442D6E428976E22009CEB40 /* RisingRouterResponse.h */,
				1442D6E528976E22009CEB40 /* RisingRouterResponse.m */,
			);
			path = Router;
			sourceTree = "<group>";
		};
		2EEB6B28084ED8BB1A3EB277 /* Frameworks */ = {
			isa = PBXGroup;
			children = (
				22C2921943B00D1E1FDEA362 /* Pods_ByteDanceCampus_Klotski.framework */,
			);
			name = Frameworks;
			sourceTree = "<group>";
		};
		B5759A0E288AE5D0007CE07E = {
			isa = PBXGroup;
			children = (
				B5759A19288AE5D1007CE07E /* ByteDanceCampus_Klotski */,
				B5759A18288AE5D1007CE07E /* Products */,
				03EC6DEE4AEBAFBC2D140CF0 /* Pods */,
				2EEB6B28084ED8BB1A3EB277 /* Frameworks */,
			);
			sourceTree = "<group>";
		};
		B5759A18288AE5D1007CE07E /* Products */ = {
			isa = PBXGroup;
			children = (
				B5759A17288AE5D1007CE07E /* ByteDanceCampus_Klotski.app */,
			);
			name = Products;
			sourceTree = "<group>";
		};
		B5759A19288AE5D1007CE07E /* ByteDanceCampus_Klotski */ = {
			isa = PBXGroup;
			children = (
				B5759A20288AE5D1007CE07E /* MainController.h */,
				B5759A21288AE5D1007CE07E /* MainController.m */,
				14CDC86A289B91FE0009358F /* Model */,
				14E745B9288AFA38007436F6 /* Router */,
				1442D6F12897992A009CEB40 /* Extension */,
				B5759A33288AE6A0007CE07E /* Supporting Files */,
				B5759A2B288AE5D2007CE07E /* Info.plist */,
				B5759A34288AE6C4007CE07E /* PrefixHeader.pch */,
			);
			path = ByteDanceCampus_Klotski;
			sourceTree = "<group>";
		};
		B5759A33288AE6A0007CE07E /* Supporting Files */ = {
			isa = PBXGroup;
			children = (
				B5759A2C288AE5D2007CE07E /* main.m */,
				B5759A1A288AE5D1007CE07E /* AppDelegate.h */,
				B5759A1B288AE5D1007CE07E /* AppDelegate.m */,
				14CDC866289B8EB60009358F /* level.plist */,
				B5759A26288AE5D2007CE07E /* Assets.xcassets */,
				B5759A28288AE5D2007CE07E /* LaunchScreen.storyboard */,
			);
			path = "Supporting Files";
			sourceTree = "<group>";
		};
/* End PBXGroup section */

/* Begin PBXNativeTarget section */
		B5759A16288AE5D1007CE07E /* ByteDanceCampus_Klotski */ = {
			isa = PBXNativeTarget;
			buildConfigurationList = B5759A30288AE5D2007CE07E /* Build configuration list for PBXNativeTarget "ByteDanceCampus_Klotski" */;
			buildPhases = (
				F642316283AD4589F0D91311 /* [CP] Check Pods Manifest.lock */,
				B5759A13288AE5D1007CE07E /* Sources */,
				B5759A14288AE5D1007CE07E /* Frameworks */,
				B5759A15288AE5D1007CE07E /* Resources */,
				100A931BBEB14DFD8573FE6D /* [CP] Embed Pods Frameworks */,
			);
			buildRules = (
			);
			dependencies = (
			);
			name = ByteDanceCampus_Klotski;
			productName = ByteDanceCampus_Klotski;
			productReference = B5759A17288AE5D1007CE07E /* ByteDanceCampus_Klotski.app */;
			productType = "com.apple.product-type.application";
		};
/* End PBXNativeTarget section */

/* Begin PBXProject section */
		B5759A0F288AE5D0007CE07E /* Project object */ = {
			isa = PBXProject;
			attributes = {
				BuildIndependentTargetsInParallel = 1;
				LastUpgradeCheck = 1310;
				TargetAttributes = {
					B5759A16288AE5D1007CE07E = {
						CreatedOnToolsVersion = 13.1;
					};
				};
			};
			buildConfigurationList = B5759A12288AE5D0007CE07E /* Build configuration list for PBXProject "ByteDanceCampus_Klotski" */;
			compatibilityVersion = "Xcode 13.0";
			developmentRegion = en;
			hasScannedForEncodings = 0;
			knownRegions = (
				en,
				Base,
			);
			mainGroup = B5759A0E288AE5D0007CE07E;
			productRefGroup = B5759A18288AE5D1007CE07E /* Products */;
			projectDirPath = "";
			projectRoot = "";
			targets = (
				B5759A16288AE5D1007CE07E /* ByteDanceCampus_Klotski */,
			);
		};
/* End PBXProject section */

/* Begin PBXResourcesBuildPhase section */
		B5759A15288AE5D1007CE07E /* Resources */ = {
			isa = PBXResourcesBuildPhase;
			buildActionMask = 2147483647;
			files = (
				B5759A2A288AE5D2007CE07E /* LaunchScreen.storyboard in Resources */,
				14CDC867289B8EB60009358F /* level.plist in Resources */,
				B5759A27288AE5D2007CE07E /* Assets.xcassets in Resources */,
			);
			runOnlyForDeploymentPostprocessing = 0;
		};
/* End PBXResourcesBuildPhase section */

/* Begin PBXShellScriptBuildPhase section */
		100A931BBEB14DFD8573FE6D /* [CP] Embed Pods Frameworks */ = {
			isa = PBXShellScriptBuildPhase;
			buildActionMask = 2147483647;
			files = (
			);
			inputFileListPaths = (
				"${PODS_ROOT}/Target Support Files/Pods-ByteDanceCampus_Klotski/Pods-ByteDanceCampus_Klotski-frameworks-${CONFIGURATION}-input-files.xcfilelist",
			);
			name = "[CP] Embed Pods Frameworks";
			outputFileListPaths = (
				"${PODS_ROOT}/Target Support Files/Pods-ByteDanceCampus_Klotski/Pods-ByteDanceCampus_Klotski-frameworks-${CONFIGURATION}-output-files.xcfilelist",
			);
			runOnlyForDeploymentPostprocessing = 0;
			shellPath = /bin/sh;
			shellScript = "\"${PODS_ROOT}/Target Support Files/Pods-ByteDanceCampus_Klotski/Pods-ByteDanceCampus_Klotski-frameworks.sh\"\n";
			showEnvVarsInLog = 0;
		};
		F642316283AD4589F0D91311 /* [CP] Check Pods Manifest.lock */ = {
			isa = PBXShellScriptBuildPhase;
			buildActionMask = 2147483647;
			files = (
			);
			inputFileListPaths = (
			);
			inputPaths = (
				"${PODS_PODFILE_DIR_PATH}/Podfile.lock",
				"${PODS_ROOT}/Manifest.lock",
			);
			name = "[CP] Check Pods Manifest.lock";
			outputFileListPaths = (
			);
			outputPaths = (
				"$(DERIVED_FILE_DIR)/Pods-ByteDanceCampus_Klotski-checkManifestLockResult.txt",
			);
			runOnlyForDeploymentPostprocessing = 0;
			shellPath = /bin/sh;
			shellScript = "diff \"${PODS_PODFILE_DIR_PATH}/Podfile.lock\" \"${PODS_ROOT}/Manifest.lock\" > /dev/null\nif [ $? != 0 ] ; then\n    # print error to STDERR\n    echo \"error: The sandbox is not in sync with the Podfile.lock. Run 'pod install' or update your CocoaPods installation.\" >&2\n    exit 1\nfi\n# This output is used by Xcode 'outputs' to avoid re-running this script phase.\necho \"SUCCESS\" > \"${SCRIPT_OUTPUT_FILE_0}\"\n";
			showEnvVarsInLog = 0;
		};
/* End PBXShellScriptBuildPhase section */

/* Begin PBXSourcesBuildPhase section */
		B5759A13288AE5D1007CE07E /* Sources */ = {
			isa = PBXSourcesBuildPhase;
			buildActionMask = 2147483647;
			files = (
				14CDC863289B87330009358F /* Level.m in Sources */,
				B5759A22288AE5D1007CE07E /* MainController.m in Sources */,
				1442D7022897992A009CEB40 /* RisingFoundationExtention.m in Sources */,
				14CDC860289B84ED0009358F /* Person.m in Sources */,
				B5759A1C288AE5D1007CE07E /* AppDelegate.m in Sources */,
				1442D6EC28976E22009CEB40 /* RisingRouterRequest.m in Sources */,
				1442D7052897992A009CEB40 /* UIColor+Rising.m in Sources */,
				1442D7042897992A009CEB40 /* RisingUIKitExtension.m in Sources */,
				B5759A2D288AE5D2007CE07E /* main.m in Sources */,
				1442D7032897992A009CEB40 /* UIView+Rising.m in Sources */,
				1442D7012897992A009CEB40 /* NSDate+Rising.m in Sources */,
				1442D6EA28976E22009CEB40 /* RisingRouterResponse.m in Sources */,
				14CDC855289B6C210009358F /* StageSelectModel.m in Sources */,
				1442D6EB28976E22009CEB40 /* RisingRouter+Extension.m in Sources */,
				1442D6E928976E22009CEB40 /* RisingRouter.m in Sources */,
			);
			runOnlyForDeploymentPostprocessing = 0;
		};
/* End PBXSourcesBuildPhase section */

/* Begin PBXVariantGroup section */
		B5759A28288AE5D2007CE07E /* LaunchScreen.storyboard */ = {
			isa = PBXVariantGroup;
			children = (
				B5759A29288AE5D2007CE07E /* Base */,
			);
			name = LaunchScreen.storyboard;
			sourceTree = "<group>";
		};
/* End PBXVariantGroup section */

/* Begin XCBuildConfiguration section */
		B5759A2E288AE5D2007CE07E /* Debug */ = {
			isa = XCBuildConfiguration;
			buildSettings = {
				ALWAYS_SEARCH_USER_PATHS = NO;
				CLANG_ANALYZER_NONNULL = YES;
				CLANG_ANALYZER_NUMBER_OBJECT_CONVERSION = YES_AGGRESSIVE;
				CLANG_CXX_LANGUAGE_STANDARD = "gnu++17";
				CLANG_CXX_LIBRARY = "libc++";
				CLANG_ENABLE_MODULES = YES;
				CLANG_ENABLE_OBJC_ARC = YES;
				CLANG_ENABLE_OBJC_WEAK = YES;
				CLANG_WARN_BLOCK_CAPTURE_AUTORELEASING = YES;
				CLANG_WARN_BOOL_CONVERSION = YES;
				CLANG_WARN_COMMA = YES;
				CLANG_WARN_CONSTANT_CONVERSION = YES;
				CLANG_WARN_DEPRECATED_OBJC_IMPLEMENTATIONS = YES;
				CLANG_WARN_DIRECT_OBJC_ISA_USAGE = YES_ERROR;
				CLANG_WARN_DOCUMENTATION_COMMENTS = YES;
				CLANG_WARN_EMPTY_BODY = YES;
				CLANG_WARN_ENUM_CONVERSION = YES;
				CLANG_WARN_INFINITE_RECURSION = YES;
				CLANG_WARN_INT_CONVERSION = YES;
				CLANG_WARN_NON_LITERAL_NULL_CONVERSION = YES;
				CLANG_WARN_OBJC_IMPLICIT_RETAIN_SELF = YES;
				CLANG_WARN_OBJC_LITERAL_CONVERSION = YES;
				CLANG_WARN_OBJC_ROOT_CLASS = YES_ERROR;
				CLANG_WARN_QUOTED_INCLUDE_IN_FRAMEWORK_HEADER = YES;
				CLANG_WARN_RANGE_LOOP_ANALYSIS = YES;
				CLANG_WARN_STRICT_PROTOTYPES = YES;
				CLANG_WARN_SUSPICIOUS_MOVE = YES;
				CLANG_WARN_UNGUARDED_AVAILABILITY = YES_AGGRESSIVE;
				CLANG_WARN_UNREACHABLE_CODE = YES;
				CLANG_WARN__DUPLICATE_METHOD_MATCH = YES;
				COPY_PHASE_STRIP = NO;
				DEBUG_INFORMATION_FORMAT = dwarf;
				ENABLE_STRICT_OBJC_MSGSEND = YES;
				ENABLE_TESTABILITY = YES;
				GCC_C_LANGUAGE_STANDARD = gnu11;
				GCC_DYNAMIC_NO_PIC = NO;
				GCC_NO_COMMON_BLOCKS = YES;
				GCC_OPTIMIZATION_LEVEL = 0;
				GCC_PREFIX_HEADER = "$(SRCROOT)/ByteDanceCampus_Klotski/PrefixHeader.pch";
				GCC_PREPROCESSOR_DEFINITIONS = (
					"DEBUG=1",
					"$(inherited)",
				);
				GCC_WARN_64_TO_32_BIT_CONVERSION = YES;
				GCC_WARN_ABOUT_RETURN_TYPE = YES_ERROR;
				GCC_WARN_UNDECLARED_SELECTOR = YES;
				GCC_WARN_UNINITIALIZED_AUTOS = YES_AGGRESSIVE;
				GCC_WARN_UNUSED_FUNCTION = YES;
				GCC_WARN_UNUSED_VARIABLE = YES;
				IPHONEOS_DEPLOYMENT_TARGET = 11.0;
				MTL_ENABLE_DEBUG_INFO = INCLUDE_SOURCE;
				MTL_FAST_MATH = YES;
				ONLY_ACTIVE_ARCH = YES;
				SDKROOT = iphoneos;
			};
			name = Debug;
		};
		B5759A2F288AE5D2007CE07E /* Release */ = {
			isa = XCBuildConfiguration;
			buildSettings = {
				ALWAYS_SEARCH_USER_PATHS = NO;
				CLANG_ANALYZER_NONNULL = YES;
				CLANG_ANALYZER_NUMBER_OBJECT_CONVERSION = YES_AGGRESSIVE;
				CLANG_CXX_LANGUAGE_STANDARD = "gnu++17";
				CLANG_CXX_LIBRARY = "libc++";
				CLANG_ENABLE_MODULES = YES;
				CLANG_ENABLE_OBJC_ARC = YES;
				CLANG_ENABLE_OBJC_WEAK = YES;
				CLANG_WARN_BLOCK_CAPTURE_AUTORELEASING = YES;
				CLANG_WARN_BOOL_CONVERSION = YES;
				CLANG_WARN_COMMA = YES;
				CLANG_WARN_CONSTANT_CONVERSION = YES;
				CLANG_WARN_DEPRECATED_OBJC_IMPLEMENTATIONS = YES;
				CLANG_WARN_DIRECT_OBJC_ISA_USAGE = YES_ERROR;
				CLANG_WARN_DOCUMENTATION_COMMENTS = YES;
				CLANG_WARN_EMPTY_BODY = YES;
				CLANG_WARN_ENUM_CONVERSION = YES;
				CLANG_WARN_INFINITE_RECURSION = YES;
				CLANG_WARN_INT_CONVERSION = YES;
				CLANG_WARN_NON_LITERAL_NULL_CONVERSION = YES;
				CLANG_WARN_OBJC_IMPLICIT_RETAIN_SELF = YES;
				CLANG_WARN_OBJC_LITERAL_CONVERSION = YES;
				CLANG_WARN_OBJC_ROOT_CLASS = YES_ERROR;
				CLANG_WARN_QUOTED_INCLUDE_IN_FRAMEWORK_HEADER = YES;
				CLANG_WARN_RANGE_LOOP_ANALYSIS = YES;
				CLANG_WARN_STRICT_PROTOTYPES = YES;
				CLANG_WARN_SUSPICIOUS_MOVE = YES;
				CLANG_WARN_UNGUARDED_AVAILABILITY = YES_AGGRESSIVE;
				CLANG_WARN_UNREACHABLE_CODE = YES;
				CLANG_WARN__DUPLICATE_METHOD_MATCH = YES;
				COPY_PHASE_STRIP = NO;
				DEBUG_INFORMATION_FORMAT = "dwarf-with-dsym";
				ENABLE_NS_ASSERTIONS = NO;
				ENABLE_STRICT_OBJC_MSGSEND = YES;
				GCC_C_LANGUAGE_STANDARD = gnu11;
				GCC_NO_COMMON_BLOCKS = YES;
				GCC_PREFIX_HEADER = "$(SRCROOT)/ByteDanceCampus_Klotski/PrefixHeader.pch";
				GCC_WARN_64_TO_32_BIT_CONVERSION = YES;
				GCC_WARN_ABOUT_RETURN_TYPE = YES_ERROR;
				GCC_WARN_UNDECLARED_SELECTOR = YES;
				GCC_WARN_UNINITIALIZED_AUTOS = YES_AGGRESSIVE;
				GCC_WARN_UNUSED_FUNCTION = YES;
				GCC_WARN_UNUSED_VARIABLE = YES;
				IPHONEOS_DEPLOYMENT_TARGET = 11.0;
				MTL_ENABLE_DEBUG_INFO = NO;
				MTL_FAST_MATH = YES;
				SDKROOT = iphoneos;
				VALIDATE_PRODUCT = YES;
			};
			name = Release;
		};
		B5759A31288AE5D2007CE07E /* Debug */ = {
			isa = XCBuildConfiguration;
			baseConfigurationReference = C7AA49666D0AD8E2970626AB /* Pods-ByteDanceCampus_Klotski.debug.xcconfig */;
			buildSettings = {
				ASSETCATALOG_COMPILER_APPICON_NAME = AppIcon;
				ASSETCATALOG_COMPILER_GLOBAL_ACCENT_COLOR_NAME = AccentColor;
				CODE_SIGN_STYLE = Automatic;
				CURRENT_PROJECT_VERSION = 1;
				DEVELOPMENT_TEAM = 727CVV9PLJ;
				"EXCLUDED_ARCHS[sdk=iphonesimulator*]" = arm64;
				FRAMEWORK_SEARCH_PATHS = "$(inherited)";
				GENERATE_INFOPLIST_FILE = YES;
				INFOPLIST_FILE = ByteDanceCampus_Klotski/Info.plist;
				INFOPLIST_KEY_UIApplicationSupportsIndirectInputEvents = YES;
				INFOPLIST_KEY_UILaunchStoryboardName = LaunchScreen;
				INFOPLIST_KEY_UISupportedInterfaceOrientations_iPad = "UIInterfaceOrientationPortrait UIInterfaceOrientationPortraitUpsideDown UIInterfaceOrientationLandscapeLeft UIInterfaceOrientationLandscapeRight";
				INFOPLIST_KEY_UISupportedInterfaceOrientations_iPhone = "UIInterfaceOrientationPortrait UIInterfaceOrientationLandscapeLeft UIInterfaceOrientationLandscapeRight";
				LD_RUNPATH_SEARCH_PATHS = (
					"$(inherited)",
					"@executable_path/Frameworks",
				);
				MARKETING_VERSION = 1.0;
				PRODUCT_BUNDLE_IDENTIFIER = "sungkaikai.ByteDanceCampus-Klotski";
				PRODUCT_NAME = "$(TARGET_NAME)";
				SWIFT_EMIT_LOC_STRINGS = YES;
				TARGETED_DEVICE_FAMILY = 1;
			};
			name = Debug;
		};
		B5759A32288AE5D2007CE07E /* Release */ = {
			isa = XCBuildConfiguration;
			baseConfigurationReference = A404246E66C14D4FA6786972 /* Pods-ByteDanceCampus_Klotski.release.xcconfig */;
			buildSettings = {
				ASSETCATALOG_COMPILER_APPICON_NAME = AppIcon;
				ASSETCATALOG_COMPILER_GLOBAL_ACCENT_COLOR_NAME = AccentColor;
				CODE_SIGN_STYLE = Automatic;
				CURRENT_PROJECT_VERSION = 1;
				DEVELOPMENT_TEAM = 727CVV9PLJ;
				FRAMEWORK_SEARCH_PATHS = "$(inherited)";
				GENERATE_INFOPLIST_FILE = YES;
				INFOPLIST_FILE = ByteDanceCampus_Klotski/Info.plist;
				INFOPLIST_KEY_UIApplicationSupportsIndirectInputEvents = YES;
				INFOPLIST_KEY_UILaunchStoryboardName = LaunchScreen;
				INFOPLIST_KEY_UISupportedInterfaceOrientations_iPad = "UIInterfaceOrientationPortrait UIInterfaceOrientationPortraitUpsideDown UIInterfaceOrientationLandscapeLeft UIInterfaceOrientationLandscapeRight";
				INFOPLIST_KEY_UISupportedInterfaceOrientations_iPhone = "UIInterfaceOrientationPortrait UIInterfaceOrientationLandscapeLeft UIInterfaceOrientationLandscapeRight";
				LD_RUNPATH_SEARCH_PATHS = (
					"$(inherited)",
					"@executable_path/Frameworks",
				);
				MARKETING_VERSION = 1.0;
				PRODUCT_BUNDLE_IDENTIFIER = "sungkaikai.ByteDanceCampus-Klotski";
				PRODUCT_NAME = "$(TARGET_NAME)";
				SWIFT_EMIT_LOC_STRINGS = YES;
				TARGETED_DEVICE_FAMILY = 1;
			};
			name = Release;
		};
/* End XCBuildConfiguration section */

/* Begin XCConfigurationList section */
		B5759A12288AE5D0007CE07E /* Build configuration list for PBXProject "ByteDanceCampus_Klotski" */ = {
			isa = XCConfigurationList;
			buildConfigurations = (
				B5759A2E288AE5D2007CE07E /* Debug */,
				B5759A2F288AE5D2007CE07E /* Release */,
			);
			defaultConfigurationIsVisible = 0;
			defaultConfigurationName = Release;
		};
		B5759A30288AE5D2007CE07E /* Build configuration list for PBXNativeTarget "ByteDanceCampus_Klotski" */ = {
			isa = XCConfigurationList;
			buildConfigurations = (
				B5759A31288AE5D2007CE07E /* Debug */,
				B5759A32288AE5D2007CE07E /* Release */,
			);
			defaultConfigurationIsVisible = 0;
			defaultConfigurationName = Release;
		};
/* End XCConfigurationList section */
	};
	rootObject = B5759A0F288AE5D0007CE07E /* Project object */;
}
